
Microsoft Visual Studio Solution File, Format Version 12.00
# Visual Studio 2012
Project("{FAE04EC0-301F-11D3-BF4B-00C04F79EFBC}") = "TakeAPicture", "TakeAPicture\TakeAPicture.csproj", "{8898A794-6FD9-4EA9-8251-75E3A2E2CAAB}"
EndProject
Project("{FAE04EC0-301F-11D3-BF4B-00C04F79EFBC}") = "WpfCamera", "WpfCamera\WpfCamera.csproj", "{72B5D26D-0132-4809-A3CE-9500CAB45BD6}"
EndProject
Project("{FAE04EC0-301F-11D3-BF4B-00C04F79EFBC}") = "WpfPageTransitions", "WpfPageTransitions\WpfPageTransitions.csproj", "{22A46D61-1D40-43A9-802C-B9D43DADD9EC}"
EndProject
Project("{FAE04EC0-301F-11D3-BF4B-00C04F79EFBC}") = "FluidKit", "FluidKit\FluidKit.csproj", "{75541544-BF77-4FDC-B03B-BC0DBEBFB8F5}"
EndProject
Project("{FAE04EC0-301F-11D3-BF4B-00C04F79EFBC}") = "EfectosConfig", "EfectosConfig\EfectosConfig.csproj", "{A5C8D4FC-C437-411A-848E-E4F46E95B9A2}"
EndProject
Project("{FAE04EC0-301F-11D3-BF4B-00C04F79EFBC}") = "RADMLIB", "RADMLIB\RADMLIB.csproj", "{86447038-2915-41C8-B4DA-31A277B37E86}"
EndProject
Global
	GlobalSection(SolutionConfigurationPlatforms) = preSolution
		Debug|Any CPU = Debug|Any CPU
		Release|Any CPU = Release|Any CPU
	EndGlobalSection
	GlobalSection(ProjectConfigurationPlatforms) = postSolution
		{8898A794-6FD9-4EA9-8251-75E3A2E2CAAB}.Debug|Any CPU.ActiveCfg = Debug|Any CPU
		{8898A794-6FD9-4EA9-8251-75E3A2E2CAAB}.Debug|Any CPU.Build.0 = Debug|Any CPU
		{8898A794-6FD9-4EA9-8251-75E3A2E2CAAB}.Release|Any CPU.ActiveCfg = Release|Any CPU
		{8898A794-6FD9-4EA9-8251-75E3A2E2CAAB}.Release|Any CPU.Build.0 = Release|Any CPU
		{72B5D26D-0132-4809-A3CE-9500CAB45BD6}.Debug|Any CPU.ActiveCfg = Debug|Any CPU
		{72B5D26D-0132-4809-A3CE-9500CAB45BD6}.Debug|Any CPU.Build.0 = Debug|Any CPU
		{72B5D26D-0132-4809-A3CE-9500CAB45BD6}.Release|Any CPU.ActiveCfg = Release|Any CPU
		{72B5D26D-0132-4809-A3CE-9500CAB45BD6}.Release|Any CPU.Build.0 = Release|Any CPU
		{22A46D61-1D40-43A9-802C-B9D43DADD9EC}.Debug|Any CPU.ActiveCfg = Debug|Any CPU
		{22A46D61-1D40-43A9-802C-B9D43DADD9EC}.Debug|Any CPU.Build.0 = Debug|Any CPU
		{22A46D61-1D40-43A9-802C-B9D43DADD9EC}.Release|Any CPU.ActiveCfg = Release|Any CPU
		{22A46D61-1D40-43A9-802C-B9D43DADD9EC}.Release|Any CPU.Build.0 = Release|Any CPU
		{75541544-BF77-4FDC-B03B-BC0DBEBFB8F5}.Debug|Any CPU.ActiveCfg = Debug|Any CPU
		{75541544-BF77-4FDC-B03B-BC0DBEBFB8F5}.Debug|Any CPU.Build.0 = Debug|Any CPU
		{75541544-BF77-4FDC-B03B-BC0DBEBFB8F5}.Release|Any CPU.ActiveCfg = Release|Any CPU
		{75541544-BF77-4FDC-B03B-BC0DBEBFB8F5}.Release|Any CPU.Build.0 = Release|Any CPU
		{A5C8D4FC-C437-411A-848E-E4F46E95B9A2}.Debug|Any CPU.ActiveCfg = Debug|Any CPU
		{A5C8D4FC-C437-411A-848E-E4F46E95B9A2}.Debug|Any CPU.Build.0 = Debug|Any CPU
		{A5C8D4FC-C437-411A-848E-E4F46E95B9A2}.Release|Any CPU.ActiveCfg = Release|Any CPU
		{A5C8D4FC-C437-411A-848E-E4F46E95B9A2}.Release|Any CPU.Build.0 = Release|Any CPU
		{86447038-2915-41C8-B4DA-31A277B37E86}.Debug|Any CPU.ActiveCfg = Debug|Any CPU
		{86447038-2915-41C8-B4DA-31A277B37E86}.Debug|Any CPU.Build.0 = Debug|Any CPU
		{86447038-2915-41C8-B4DA-31A277B37E86}.Release|Any CPU.ActiveCfg = Release|Any CPU
		{86447038-2915-41C8-B4DA-31A277B37E86}.Release|Any CPU.Build.0 = Release|Any CPU
	EndGlobalSection
	GlobalSection(SolutionProperties) = preSolution
		HideSolutionNode = FALSE
	EndGlobalSection
EndGlobal
