
Microsoft Visual Studio Solution File, Format Version 12.00
# Visual Studio 2012
Project("{FAE04EC0-301F-11D3-BF4B-00C04F79EFBC}") = "DirectShowWPF", "DirectShowWPF\DirectShowWPF.csproj", "{C7897849-48AA-45EA-9D9C-2EB8DE8867C6}"
EndProject
Project("{FAE04EC0-301F-11D3-BF4B-00C04F79EFBC}") = "WpfCamera", "WpfCamera\WpfCamera.csproj", "{72B5D26D-0132-4809-A3CE-9500CAB45BD6}"
EndProject
Global
	GlobalSection(SolutionConfigurationPlatforms) = preSolution
		Debug|Any CPU = Debug|Any CPU
		Release|Any CPU = Release|Any CPU
	EndGlobalSection
	GlobalSection(ProjectConfigurationPlatforms) = postSolution
		{C7897849-48AA-45EA-9D9C-2EB8DE8867C6}.Debug|Any CPU.ActiveCfg = Debug|Any CPU
		{C7897849-48AA-45EA-9D9C-2EB8DE8867C6}.Debug|Any CPU.Build.0 = Debug|Any CPU
		{C7897849-48AA-45EA-9D9C-2EB8DE8867C6}.Release|Any CPU.ActiveCfg = Release|Any CPU
		{C7897849-48AA-45EA-9D9C-2EB8DE8867C6}.Release|Any CPU.Build.0 = Release|Any CPU
		{72B5D26D-0132-4809-A3CE-9500CAB45BD6}.Debug|Any CPU.ActiveCfg = Debug|Any CPU
		{72B5D26D-0132-4809-A3CE-9500CAB45BD6}.Debug|Any CPU.Build.0 = Debug|Any CPU
		{72B5D26D-0132-4809-A3CE-9500CAB45BD6}.Release|Any CPU.ActiveCfg = Release|Any CPU
		{72B5D26D-0132-4809-A3CE-9500CAB45BD6}.Release|Any CPU.Build.0 = Release|Any CPU
	EndGlobalSection
	GlobalSection(SolutionProperties) = preSolution
		HideSolutionNode = FALSE
	EndGlobalSection
	GlobalSection(SubversionScc) = preSolution
		Svn-Managed = True
		Manager = AnkhSVN - Subversion Support for Visual Studio
	EndGlobalSection
EndGlobal
